
Microsoft Visual Studio Solution File, Format Version 12.00
# Visual Studio 15
VisualStudioVersion = 15.0.27004.2006
MinimumVisualStudioVersion = 10.0.40219.1
Project("{FAE04EC0-301F-11D3-BF4B-00C04F79EFBC}") = "DumbassGame", "DumbassGame\DumbassGame.csproj", "{98BA3175-595E-4F70-A60E-0EDF27774E25}"
EndProject
Global
	GlobalSection(SolutionConfigurationPlatforms) = preSolution
		Debug|Any CPU = Debug|Any CPU
		Release|Any CPU = Release|Any CPU
	EndGlobalSection
	GlobalSection(ProjectConfigurationPlatforms) = postSolution
		{98BA3175-595E-4F70-A60E-0EDF27774E25}.Debug|Any CPU.ActiveCfg = Debug|Any CPU
		{98BA3175-595E-4F70-A60E-0EDF27774E25}.Debug|Any CPU.Build.0 = Debug|Any CPU
		{98BA3175-595E-4F70-A60E-0EDF27774E25}.Release|Any CPU.ActiveCfg = Release|Any CPU
		{98BA3175-595E-4F70-A60E-0EDF27774E25}.Release|Any CPU.Build.0 = Release|Any CPU
	EndGlobalSection
	GlobalSection(SolutionProperties) = preSolution
		HideSolutionNode = FALSE
	EndGlobalSection
	GlobalSection(ExtensibilityGlobals) = postSolution
		SolutionGuid = {58D4E132-27A9-437D-918B-E2D16457C216}
	EndGlobalSection
EndGlobal
